// !$*UTF8*$!
{
	archiveVersion = 1;
	classes = {
	};
	objectVersion = 56;
	objects = {

/* Begin PBXBuildFile section */
		74D51CCE2B87313600D4BADF /* AppDelegate.swift in Sources */ = {isa = PBXBuildFile; fileRef = 74D51CCD2B87313600D4BADF /* AppDelegate.swift */; };
		74D51CD02B87313600D4BADF /* SceneDelegate.swift in Sources */ = {isa = PBXBuildFile; fileRef = 74D51CCF2B87313600D4BADF /* SceneDelegate.swift */; };
		74D51CD22B87313600D4BADF /* ViewController.swift in Sources */ = {isa = PBXBuildFile; fileRef = 74D51CD12B87313600D4BADF /* ViewController.swift */; };
		74D51CD52B87313600D4BADF /* Main.storyboard in Resources */ = {isa = PBXBuildFile; fileRef = 74D51CD32B87313600D4BADF /* Main.storyboard */; };
		74D51CD72B87313800D4BADF /* Assets.xcassets in Resources */ = {isa = PBXBuildFile; fileRef = 74D51CD62B87313800D4BADF /* Assets.xcassets */; };
		74D51CDA2B87313800D4BADF /* LaunchScreen.storyboard in Resources */ = {isa = PBXBuildFile; fileRef = 74D51CD82B87313800D4BADF /* LaunchScreen.storyboard */; };
		74D51CE52B87313800D4BADF /* scrollviewTests.swift in Sources */ = {isa = PBXBuildFile; fileRef = 74D51CE42B87313800D4BADF /* scrollviewTests.swift */; };
		74D51CEF2B87313800D4BADF /* scrollviewUITests.swift in Sources */ = {isa = PBXBuildFile; fileRef = 74D51CEE2B87313800D4BADF /* scrollviewUITests.swift */; };
		74D51CF12B87313800D4BADF /* scrollviewUITestsLaunchTests.swift in Sources */ = {isa = PBXBuildFile; fileRef = 74D51CF02B87313800D4BADF /* scrollviewUITestsLaunchTests.swift */; };
/* End PBXBuildFile section */

/* Begin PBXContainerItemProxy section */
		74D51CE12B87313800D4BADF /* PBXContainerItemProxy */ = {
			isa = PBXContainerItemProxy;
			containerPortal = 74D51CC22B87313600D4BADF /* Project object */;
			proxyType = 1;
			remoteGlobalIDString = 74D51CC92B87313600D4BADF;
			remoteInfo = scrollview;
		};
		74D51CEB2B87313800D4BADF /* PBXContainerItemProxy */ = {
			isa = PBXContainerItemProxy;
			containerPortal = 74D51CC22B87313600D4BADF /* Project object */;
			proxyType = 1;
			remoteGlobalIDString = 74D51CC92B87313600D4BADF;
			remoteInfo = scrollview;
		};
/* End PBXContainerItemProxy section */

/* Begin PBXFileReference section */
		74D51CCA2B87313600D4BADF /* scrollview.app */ = {isa = PBXFileReference; explicitFileType = wrapper.application; includeInIndex = 0; path = scrollview.app; sourceTree = BUILT_PRODUCTS_DIR; };
		74D51CCD2B87313600D4BADF /* AppDelegate.swift */ = {isa = PBXFileReference; lastKnownFileType = sourcecode.swift; path = AppDelegate.swift; sourceTree = "<group>"; };
		74D51CCF2B87313600D4BADF /* SceneDelegate.swift */ = {isa = PBXFileReference; lastKnownFileType = sourcecode.swift; path = SceneDelegate.swift; sourceTree = "<group>"; };
		74D51CD12B87313600D4BADF /* ViewController.swift */ = {isa = PBXFileReference; lastKnownFileType = sourcecode.swift; path = ViewController.swift; sourceTree = "<group>"; };
		74D51CD42B87313600D4BADF /* Base */ = {isa = PBXFileReference; lastKnownFileType = file.storyboard; name = Base; path = Base.lproj/Main.storyboard; sourceTree = "<group>"; };
		74D51CD62B87313800D4BADF /* Assets.xcassets */ = {isa = PBXFileReference; lastKnownFileType = folder.assetcatalog; path = Assets.xcassets; sourceTree = "<group>"; };
		74D51CD92B87313800D4BADF /* Base */ = {isa = PBXFileReference; lastKnownFileType = file.storyboard; name = Base; path = Base.lproj/LaunchScreen.storyboard; sourceTree = "<group>"; };
		74D51CDB2B87313800D4BADF /* Info.plist */ = {isa = PBXFileReference; lastKnownFileType = text.plist.xml; path = Info.plist; sourceTree = "<group>"; };
		74D51CE02B87313800D4BADF /* scrollviewTests.xctest */ = {isa = PBXFileReference; explicitFileType = wrapper.cfbundle; includeInIndex = 0; path = scrollviewTests.xctest; sourceTree = BUILT_PRODUCTS_DIR; };
		74D51CE42B87313800D4BADF /* scrollviewTests.swift */ = {isa = PBXFileReference; lastKnownFileType = sourcecode.swift; path = scrollviewTests.swift; sourceTree = "<group>"; };
		74D51CEA2B87313800D4BADF /* scrollviewUITests.xctest */ = {isa = PBXFileReference; explicitFileType = wrapper.cfbundle; includeInIndex = 0; path = scrollviewUITests.xctest; sourceTree = BUILT_PRODUCTS_DIR; };
		74D51CEE2B87313800D4BADF /* scrollviewUITests.swift */ = {isa = PBXFileReference; lastKnownFileType = sourcecode.swift; path = scrollviewUITests.swift; sourceTree = "<group>"; };
		74D51CF02B87313800D4BADF /* scrollviewUITestsLaunchTests.swift */ = {isa = PBXFileReference; lastKnownFileType = sourcecode.swift; path = scrollviewUITestsLaunchTests.swift; sourceTree = "<group>"; };
/* End PBXFileReference section */

/* Begin PBXFrameworksBuildPhase section */
		74D51CC72B87313600D4BADF /* Frameworks */ = {
			isa = PBXFrameworksBuildPhase;
			buildActionMask = 2147483647;
			files = (
			);
			runOnlyForDeploymentPostprocessing = 0;
		};
		74D51CDD2B87313800D4BADF /* Frameworks */ = {
			isa = PBXFrameworksBuildPhase;
			buildActionMask = 2147483647;
			files = (
			);
			runOnlyForDeploymentPostprocessing = 0;
		};
		74D51CE72B87313800D4BADF /* Frameworks */ = {
			isa = PBXFrameworksBuildPhase;
			buildActionMask = 2147483647;
			files = (
			);
			runOnlyForDeploymentPostprocessing = 0;
		};
/* End PBXFrameworksBuildPhase section */

/* Begin PBXGroup section */
		74D51CC12B87313600D4BADF = {
			isa = PBXGroup;
			children = (
				74D51CCC2B87313600D4BADF /* scrollview */,
				74D51CE32B87313800D4BADF /* scrollviewTests */,
				74D51CED2B87313800D4BADF /* scrollviewUITests */,
				74D51CCB2B87313600D4BADF /* Products */,
			);
			sourceTree = "<group>";
		};
		74D51CCB2B87313600D4BADF /* Products */ = {
			isa = PBXGroup;
			children = (
				74D51CCA2B87313600D4BADF /* scrollview.app */,
				74D51CE02B87313800D4BADF /* scrollviewTests.xctest */,
				74D51CEA2B87313800D4BADF /* scrollviewUITests.xctest */,
			);
			name = Products;
			sourceTree = "<group>";
		};
		74D51CCC2B87313600D4BADF /* scrollview */ = {
			isa = PBXGroup;
			children = (
				74D51CCD2B87313600D4BADF /* AppDelegate.swift */,
				74D51CCF2B87313600D4BADF /* SceneDelegate.swift */,
				74D51CD12B87313600D4BADF /* ViewController.swift */,
				74D51CD32B87313600D4BADF /* Main.storyboard */,
				74D51CD62B87313800D4BADF /* Assets.xcassets */,
				74D51CD82B87313800D4BADF /* LaunchScreen.storyboard */,
				74D51CDB2B87313800D4BADF /* Info.plist */,
			);
			path = scrollview;
			sourceTree = "<group>";
		};
		74D51CE32B87313800D4BADF /* scrollviewTests */ = {
			isa = PBXGroup;
			children = (
				74D51CE42B87313800D4BADF /* scrollviewTests.swift */,
			);
			path = scrollviewTests;
			sourceTree = "<group>";
		};
		74D51CED2B87313800D4BADF /* scrollviewUITests */ = {
			isa = PBXGroup;
			children = (
				74D51CEE2B87313800D4BADF /* scrollviewUITests.swift */,
				74D51CF02B87313800D4BADF /* scrollviewUITestsLaunchTests.swift */,
			);
			path = scrollviewUITests;
			sourceTree = "<group>";
		};
/* End PBXGroup section */

/* Begin PBXNativeTarget section */
		74D51CC92B87313600D4BADF /* scrollview */ = {
			isa = PBXNativeTarget;
			buildConfigurationList = 74D51CF42B87313800D4BADF /* Build configuration list for PBXNativeTarget "scrollview" */;
			buildPhases = (
				74D51CC62B87313600D4BADF /* Sources */,
				74D51CC72B87313600D4BADF /* Frameworks */,
				74D51CC82B87313600D4BADF /* Resources */,
			);
			buildRules = (
			);
			dependencies = (
			);
			name = scrollview;
			productName = scrollview;
			productReference = 74D51CCA2B87313600D4BADF /* scrollview.app */;
			productType = "com.apple.product-type.application";
		};
		74D51CDF2B87313800D4BADF /* scrollviewTests */ = {
			isa = PBXNativeTarget;
			buildConfigurationList = 74D51CF72B87313800D4BADF /* Build configuration list for PBXNativeTarget "scrollviewTests" */;
			buildPhases = (
				74D51CDC2B87313800D4BADF /* Sources */,
				74D51CDD2B87313800D4BADF /* Frameworks */,
				74D51CDE2B87313800D4BADF /* Resources */,
			);
			buildRules = (
			);
			dependencies = (
				74D51CE22B87313800D4BADF /* PBXTargetDependency */,
			);
			name = scrollviewTests;
			productName = scrollviewTests;
			productReference = 74D51CE02B87313800D4BADF /* scrollviewTests.xctest */;
			productType = "com.apple.product-type.bundle.unit-test";
		};
		74D51CE92B87313800D4BADF /* scrollviewUITests */ = {
			isa = PBXNativeTarget;
			buildConfigurationList = 74D51CFA2B87313800D4BADF /* Build configuration list for PBXNativeTarget "scrollviewUITests" */;
			buildPhases = (
				74D51CE62B87313800D4BADF /* Sources */,
				74D51CE72B87313800D4BADF /* Frameworks */,
				74D51CE82B87313800D4BADF /* Resources */,
			);
			buildRules = (
			);
			dependencies = (
				74D51CEC2B87313800D4BADF /* PBXTargetDependency */,
			);
			name = scrollviewUITests;
			productName = scrollviewUITests;
			productReference = 74D51CEA2B87313800D4BADF /* scrollviewUITests.xctest */;
			productType = "com.apple.product-type.bundle.ui-testing";
		};
/* End PBXNativeTarget section */

/* Begin PBXProject section */
		74D51CC22B87313600D4BADF /* Project object */ = {
			isa = PBXProject;
			attributes = {
				BuildIndependentTargetsInParallel = 1;
				LastSwiftUpdateCheck = 1520;
				LastUpgradeCheck = 1520;
				TargetAttributes = {
					74D51CC92B87313600D4BADF = {
						CreatedOnToolsVersion = 15.2;
					};
					74D51CDF2B87313800D4BADF = {
						CreatedOnToolsVersion = 15.2;
						TestTargetID = 74D51CC92B87313600D4BADF;
					};
					74D51CE92B87313800D4BADF = {
						CreatedOnToolsVersion = 15.2;
						TestTargetID = 74D51CC92B87313600D4BADF;
					};
				};
			};
			buildConfigurationList = 74D51CC52B87313600D4BADF /* Build configuration list for PBXProject "scrollview" */;
			compatibilityVersion = "Xcode 14.0";
			developmentRegion = en;
			hasScannedForEncodings = 0;
			knownRegions = (
				en,
				Base,
			);
			mainGroup = 74D51CC12B87313600D4BADF;
			productRefGroup = 74D51CCB2B87313600D4BADF /* Products */;
			projectDirPath = "";
			projectRoot = "";
			targets = (
				74D51CC92B87313600D4BADF /* scrollview */,
				74D51CDF2B87313800D4BADF /* scrollviewTests */,
				74D51CE92B87313800D4BADF /* scrollviewUITests */,
			);
		};
/* End PBXProject section */

/* Begin PBXResourcesBuildPhase section */
		74D51CC82B87313600D4BADF /* Resources */ = {
			isa = PBXResourcesBuildPhase;
			buildActionMask = 2147483647;
			files = (
				74D51CDA2B87313800D4BADF /* LaunchScreen.storyboard in Resources */,
				74D51CD72B87313800D4BADF /* Assets.xcassets in Resources */,
				74D51CD52B87313600D4BADF /* Main.storyboard in Resources */,
			);
			runOnlyForDeploymentPostprocessing = 0;
		};
		74D51CDE2B87313800D4BADF /* Resources */ = {
			isa = PBXResourcesBuildPhase;
			buildActionMask = 2147483647;
			files = (
			);
			runOnlyForDeploymentPostprocessing = 0;
		};
		74D51CE82B87313800D4BADF /* Resources */ = {
			isa = PBXResourcesBuildPhase;
			buildActionMask = 2147483647;
			files = (
			);
			runOnlyForDeploymentPostprocessing = 0;
		};
/* End PBXResourcesBuildPhase section */

/* Begin PBXSourcesBuildPhase section */
		74D51CC62B87313600D4BADF /* Sources */ = {
			isa = PBXSourcesBuildPhase;
			buildActionMask = 2147483647;
			files = (
				74D51CD22B87313600D4BADF /* ViewController.swift in Sources */,
				74D51CCE2B87313600D4BADF /* AppDelegate.swift in Sources */,
				74D51CD02B87313600D4BADF /* SceneDelegate.swift in Sources */,
			);
			runOnlyForDeploymentPostprocessing = 0;
		};
		74D51CDC2B87313800D4BADF /* Sources */ = {
			isa = PBXSourcesBuildPhase;
			buildActionMask = 2147483647;
			files = (
				74D51CE52B87313800D4BADF /* scrollviewTests.swift in Sources */,
			);
			runOnlyForDeploymentPostprocessing = 0;
		};
		74D51CE62B87313800D4BADF /* Sources */ = {
			isa = PBXSourcesBuildPhase;
			buildActionMask = 2147483647;
			files = (
				74D51CF12B87313800D4BADF /* scrollviewUITestsLaunchTests.swift in Sources */,
				74D51CEF2B87313800D4BADF /* scrollviewUITests.swift in Sources */,
			);
			runOnlyForDeploymentPostprocessing = 0;
		};
/* End PBXSourcesBuildPhase section */

/* Begin PBXTargetDependency section */
		74D51CE22B87313800D4BADF /* PBXTargetDependency */ = {
			isa = PBXTargetDependency;
			target = 74D51CC92B87313600D4BADF /* scrollview */;
			targetProxy = 74D51CE12B87313800D4BADF /* PBXContainerItemProxy */;
		};
		74D51CEC2B87313800D4BADF /* PBXTargetDependency */ = {
			isa = PBXTargetDependency;
			target = 74D51CC92B87313600D4BADF /* scrollview */;
			targetProxy = 74D51CEB2B87313800D4BADF /* PBXContainerItemProxy */;
		};
/* End PBXTargetDependency section */

/* Begin PBXVariantGroup section */
		74D51CD32B87313600D4BADF /* Main.storyboard */ = {
			isa = PBXVariantGroup;
			children = (
				74D51CD42B87313600D4BADF /* Base */,
			);
			name = Main.storyboard;
			sourceTree = "<group>";
		};
		74D51CD82B87313800D4BADF /* LaunchScreen.storyboard */ = {
			isa = PBXVariantGroup;
			children = (
				74D51CD92B87313800D4BADF /* Base */,
			);
			name = LaunchScreen.storyboard;
			sourceTree = "<group>";
		};
/* End PBXVariantGroup section */

/* Begin XCBuildConfiguration section */
		74D51CF22B87313800D4BADF /* Debug */ = {
			isa = XCBuildConfiguration;
			buildSettings = {
				ALWAYS_SEARCH_USER_PATHS = NO;
				ASSETCATALOG_COMPILER_GENERATE_SWIFT_ASSET_SYMBOL_EXTENSIONS = YES;
				CLANG_ANALYZER_NONNULL = YES;
				CLANG_ANALYZER_NUMBER_OBJECT_CONVERSION = YES_AGGRESSIVE;
				CLANG_CXX_LANGUAGE_STANDARD = "gnu++20";
				CLANG_ENABLE_MODULES = YES;
				CLANG_ENABLE_OBJC_ARC = YES;
				CLANG_ENABLE_OBJC_WEAK = YES;
				CLANG_WARN_BLOCK_CAPTURE_AUTORELEASING = YES;
				CLANG_WARN_BOOL_CONVERSION = YES;
				CLANG_WARN_COMMA = YES;
				CLANG_WARN_CONSTANT_CONVERSION = YES;
				CLANG_WARN_DEPRECATED_OBJC_IMPLEMENTATIONS = YES;
				CLANG_WARN_DIRECT_OBJC_ISA_USAGE = YES_ERROR;
				CLANG_WARN_DOCUMENTATION_COMMENTS = YES;
				CLANG_WARN_EMPTY_BODY = YES;
				CLANG_WARN_ENUM_CONVERSION = YES;
				CLANG_WARN_INFINITE_RECURSION = YES;
				CLANG_WARN_INT_CONVERSION = YES;
				CLANG_WARN_NON_LITERAL_NULL_CONVERSION = YES;
				CLANG_WARN_OBJC_IMPLICIT_RETAIN_SELF = YES;
				CLANG_WARN_OBJC_LITERAL_CONVERSION = YES;
				CLANG_WARN_OBJC_ROOT_CLASS = YES_ERROR;
				CLANG_WARN_QUOTED_INCLUDE_IN_FRAMEWORK_HEADER = YES;
				CLANG_WARN_RANGE_LOOP_ANALYSIS = YES;
				CLANG_WARN_STRICT_PROTOTYPES = YES;
				CLANG_WARN_SUSPICIOUS_MOVE = YES;
				CLANG_WARN_UNGUARDED_AVAILABILITY = YES_AGGRESSIVE;
				CLANG_WARN_UNREACHABLE_CODE = YES;
				CLANG_WARN__DUPLICATE_METHOD_MATCH = YES;
				COPY_PHASE_STRIP = NO;
				DEBUG_INFORMATION_FORMAT = dwarf;
				ENABLE_STRICT_OBJC_MSGSEND = YES;
				ENABLE_TESTABILITY = YES;
				ENABLE_USER_SCRIPT_SANDBOXING = YES;
				GCC_C_LANGUAGE_STANDARD = gnu17;
				GCC_DYNAMIC_NO_PIC = NO;
				GCC_NO_COMMON_BLOCKS = YES;
				GCC_OPTIMIZATION_LEVEL = 0;
				GCC_PREPROCESSOR_DEFINITIONS = (
					"DEBUG=1",
					"$(inherited)",
				);
				GCC_WARN_64_TO_32_BIT_CONVERSION = YES;
				GCC_WARN_ABOUT_RETURN_TYPE = YES_ERROR;
				GCC_WARN_UNDECLARED_SELECTOR = YES;
				GCC_WARN_UNINITIALIZED_AUTOS = YES_AGGRESSIVE;
				GCC_WARN_UNUSED_FUNCTION = YES;
				GCC_WARN_UNUSED_VARIABLE = YES;
				IPHONEOS_DEPLOYMENT_TARGET = 17.2;
				LOCALIZATION_PREFERS_STRING_CATALOGS = YES;
				MTL_ENABLE_DEBUG_INFO = INCLUDE_SOURCE;
				MTL_FAST_MATH = YES;
				ONLY_ACTIVE_ARCH = YES;
				SDKROOT = iphoneos;
				SWIFT_ACTIVE_COMPILATION_CONDITIONS = "DEBUG $(inherited)";
				SWIFT_OPTIMIZATION_LEVEL = "-Onone";
			};
			name = Debug;
		};
		74D51CF32B87313800D4BADF /* Release */ = {
			isa = XCBuildConfiguration;
			buildSettings = {
				ALWAYS_SEARCH_USER_PATHS = NO;
				ASSETCATALOG_COMPILER_GENERATE_SWIFT_ASSET_SYMBOL_EXTENSIONS = YES;
				CLANG_ANALYZER_NONNULL = YES;
				CLANG_ANALYZER_NUMBER_OBJECT_CONVERSION = YES_AGGRESSIVE;
				CLANG_CXX_LANGUAGE_STANDARD = "gnu++20";
				CLANG_ENABLE_MODULES = YES;
				CLANG_ENABLE_OBJC_ARC = YES;
				CLANG_ENABLE_OBJC_WEAK = YES;
				CLANG_WARN_BLOCK_CAPTURE_AUTORELEASING = YES;
				CLANG_WARN_BOOL_CONVERSION = YES;
				CLANG_WARN_COMMA = YES;
				CLANG_WARN_CONSTANT_CONVERSION = YES;
				CLANG_WARN_DEPRECATED_OBJC_IMPLEMENTATIONS = YES;
				CLANG_WARN_DIRECT_OBJC_ISA_USAGE = YES_ERROR;
				CLANG_WARN_DOCUMENTATION_COMMENTS = YES;
				CLANG_WARN_EMPTY_BODY = YES;
				CLANG_WARN_ENUM_CONVERSION = YES;
				CLANG_WARN_INFINITE_RECURSION = YES;
				CLANG_WARN_INT_CONVERSION = YES;
				CLANG_WARN_NON_LITERAL_NULL_CONVERSION = YES;
				CLANG_WARN_OBJC_IMPLICIT_RETAIN_SELF = YES;
				CLANG_WARN_OBJC_LITERAL_CONVERSION = YES;
				CLANG_WARN_OBJC_ROOT_CLASS = YES_ERROR;
				CLANG_WARN_QUOTED_INCLUDE_IN_FRAMEWORK_HEADER = YES;
				CLANG_WARN_RANGE_LOOP_ANALYSIS = YES;
				CLANG_WARN_STRICT_PROTOTYPES = YES;
				CLANG_WARN_SUSPICIOUS_MOVE = YES;
				CLANG_WARN_UNGUARDED_AVAILABILITY = YES_AGGRESSIVE;
				CLANG_WARN_UNREACHABLE_CODE = YES;
				CLANG_WARN__DUPLICATE_METHOD_MATCH = YES;
				COPY_PHASE_STRIP = NO;
				DEBUG_INFORMATION_FORMAT = "dwarf-with-dsym";
				ENABLE_NS_ASSERTIONS = NO;
				ENABLE_STRICT_OBJC_MSGSEND = YES;
				ENABLE_USER_SCRIPT_SANDBOXING = YES;
				GCC_C_LANGUAGE_STANDARD = gnu17;
				GCC_NO_COMMON_BLOCKS = YES;
				GCC_WARN_64_TO_32_BIT_CONVERSION = YES;
				GCC_WARN_ABOUT_RETURN_TYPE = YES_ERROR;
				GCC_WARN_UNDECLARED_SELECTOR = YES;
				GCC_WARN_UNINITIALIZED_AUTOS = YES_AGGRESSIVE;
				GCC_WARN_UNUSED_FUNCTION = YES;
				GCC_WARN_UNUSED_VARIABLE = YES;
				IPHONEOS_DEPLOYMENT_TARGET = 17.2;
				LOCALIZATION_PREFERS_STRING_CATALOGS = YES;
				MTL_ENABLE_DEBUG_INFO = NO;
				MTL_FAST_MATH = YES;
				SDKROOT = iphoneos;
				SWIFT_COMPILATION_MODE = wholemodule;
				VALIDATE_PRODUCT = YES;
			};
			name = Release;
		};
		74D51CF52B87313800D4BADF /* Debug */ = {
			isa = XCBuildConfiguration;
			buildSettings = {
				ASSETCATALOG_COMPILER_APPICON_NAME = AppIcon;
				ASSETCATALOG_COMPILER_GLOBAL_ACCENT_COLOR_NAME = AccentColor;
				CODE_SIGN_STYLE = Automatic;
				CURRENT_PROJECT_VERSION = 1;
				GENERATE_INFOPLIST_FILE = YES;
				INFOPLIST_FILE = scrollview/Info.plist;
				INFOPLIST_KEY_UIApplicationSupportsIndirectInputEvents = YES;
				INFOPLIST_KEY_UILaunchStoryboardName = LaunchScreen;
				INFOPLIST_KEY_UIMainStoryboardFile = Main;
				INFOPLIST_KEY_UISupportedInterfaceOrientations_iPad = "UIInterfaceOrientationPortrait UIInterfaceOrientationPortraitUpsideDown UIInterfaceOrientationLandscapeLeft UIInterfaceOrientationLandscapeRight";
				INFOPLIST_KEY_UISupportedInterfaceOrientations_iPhone = "UIInterfaceOrientationPortrait UIInterfaceOrientationLandscapeLeft UIInterfaceOrientationLandscapeRight";
				LD_RUNPATH_SEARCH_PATHS = (
					"$(inherited)",
					"@executable_path/Frameworks",
				);
				MARKETING_VERSION = 1.0;
				PRODUCT_BUNDLE_IDENTIFIER = com.zignuts.scrollview;
				PRODUCT_NAME = "$(TARGET_NAME)";
				SWIFT_EMIT_LOC_STRINGS = YES;
				SWIFT_VERSION = 5.0;
				TARGETED_DEVICE_FAMILY = "1,2";
			};
			name = Debug;
		};
		74D51CF62B87313800D4BADF /* Release */ = {
			isa = XCBuildConfiguration;
			buildSettings = {
				ASSETCATALOG_COMPILER_APPICON_NAME = AppIcon;
				ASSETCATALOG_COMPILER_GLOBAL_ACCENT_COLOR_NAME = AccentColor;
				CODE_SIGN_STYLE = Automatic;
				CURRENT_PROJECT_VERSION = 1;
				GENERATE_INFOPLIST_FILE = YES;
				INFOPLIST_FILE = scrollview/Info.plist;
				INFOPLIST_KEY_UIApplicationSupportsIndirectInputEvents = YES;
				INFOPLIST_KEY_UILaunchStoryboardName = LaunchScreen;
				INFOPLIST_KEY_UIMainStoryboardFile = Main;
				INFOPLIST_KEY_UISupportedInterfaceOrientations_iPad = "UIInterfaceOrientationPortrait UIInterfaceOrientationPortraitUpsideDown UIInterfaceOrientationLandscapeLeft UIInterfaceOrientationLandscapeRight";
				INFOPLIST_KEY_UISupportedInterfaceOrientations_iPhone = "UIInterfaceOrientationPortrait UIInterfaceOrientationLandscapeLeft UIInterfaceOrientationLandscapeRight";
				LD_RUNPATH_SEARCH_PATHS = (
					"$(inherited)",
					"@executable_path/Frameworks",
				);
				MARKETING_VERSION = 1.0;
				PRODUCT_BUNDLE_IDENTIFIER = com.zignuts.scrollview;
				PRODUCT_NAME = "$(TARGET_NAME)";
				SWIFT_EMIT_LOC_STRINGS = YES;
				SWIFT_VERSION = 5.0;
				TARGETED_DEVICE_FAMILY = "1,2";
			};
			name = Release;
		};
		74D51CF82B87313800D4BADF /* Debug */ = {
			isa = XCBuildConfiguration;
			buildSettings = {
				ALWAYS_EMBED_SWIFT_STANDARD_LIBRARIES = YES;
				BUNDLE_LOADER = "$(TEST_HOST)";
				CODE_SIGN_STYLE = Automatic;
				CURRENT_PROJECT_VERSION = 1;
				GENERATE_INFOPLIST_FILE = YES;
				IPHONEOS_DEPLOYMENT_TARGET = 17.2;
				MARKETING_VERSION = 1.0;
				PRODUCT_BUNDLE_IDENTIFIER = com.zignuts.scrollviewTests;
				PRODUCT_NAME = "$(TARGET_NAME)";
				SWIFT_EMIT_LOC_STRINGS = NO;
				SWIFT_VERSION = 5.0;
				TARGETED_DEVICE_FAMILY = "1,2";
				TEST_HOST = "$(BUILT_PRODUCTS_DIR)/scrollview.app/$(BUNDLE_EXECUTABLE_FOLDER_PATH)/scrollview";
			};
			name = Debug;
		};
		74D51CF92B87313800D4BADF /* Release */ = {
			isa = XCBuildConfiguration;
			buildSettings = {
				ALWAYS_EMBED_SWIFT_STANDARD_LIBRARIES = YES;
				BUNDLE_LOADER = "$(TEST_HOST)";
				CODE_SIGN_STYLE = Automatic;
				CURRENT_PROJECT_VERSION = 1;
				GENERATE_INFOPLIST_FILE = YES;
				IPHONEOS_DEPLOYMENT_TARGET = 17.2;
				MARKETING_VERSION = 1.0;
				PRODUCT_BUNDLE_IDENTIFIER = com.zignuts.scrollviewTests;
				PRODUCT_NAME = "$(TARGET_NAME)";
				SWIFT_EMIT_LOC_STRINGS = NO;
				SWIFT_VERSION = 5.0;
				TARGETED_DEVICE_FAMILY = "1,2";
				TEST_HOST = "$(BUILT_PRODUCTS_DIR)/scrollview.app/$(BUNDLE_EXECUTABLE_FOLDER_PATH)/scrollview";
			};
			name = Release;
		};
		74D51CFB2B87313800D4BADF /* Debug */ = {
			isa = XCBuildConfiguration;
			buildSettings = {
				ALWAYS_EMBED_SWIFT_STANDARD_LIBRARIES = YES;
				CODE_SIGN_STYLE = Automatic;
				CURRENT_PROJECT_VERSION = 1;
				GENERATE_INFOPLIST_FILE = YES;
				MARKETING_VERSION = 1.0;
				PRODUCT_BUNDLE_IDENTIFIER = com.zignuts.scrollviewUITests;
				PRODUCT_NAME = "$(TARGET_NAME)";
				SWIFT_EMIT_LOC_STRINGS = NO;
				SWIFT_VERSION = 5.0;
				TARGETED_DEVICE_FAMILY = "1,2";
				TEST_TARGET_NAME = scrollview;
			};
			name = Debug;
		};
		74D51CFC2B87313800D4BADF /* Release */ = {
			isa = XCBuildConfiguration;
			buildSettings = {
				ALWAYS_EMBED_SWIFT_STANDARD_LIBRARIES = YES;
				CODE_SIGN_STYLE = Automatic;
				CURRENT_PROJECT_VERSION = 1;
				GENERATE_INFOPLIST_FILE = YES;
				MARKETING_VERSION = 1.0;
				PRODUCT_BUNDLE_IDENTIFIER = com.zignuts.scrollviewUITests;
				PRODUCT_NAME = "$(TARGET_NAME)";
				SWIFT_EMIT_LOC_STRINGS = NO;
				SWIFT_VERSION = 5.0;
				TARGETED_DEVICE_FAMILY = "1,2";
				TEST_TARGET_NAME = scrollview;
			};
			name = Release;
		};
/* End XCBuildConfiguration section */

/* Begin XCConfigurationList section */
		74D51CC52B87313600D4BADF /* Build configuration list for PBXProject "scrollview" */ = {
			isa = XCConfigurationList;
			buildConfigurations = (
				74D51CF22B87313800D4BADF /* Debug */,
				74D51CF32B87313800D4BADF /* Release */,
			);
			defaultConfigurationIsVisible = 0;
			defaultConfigurationName = Release;
		};
		74D51CF42B87313800D4BADF /* Build configuration list for PBXNativeTarget "scrollview" */ = {
			isa = XCConfigurationList;
			buildConfigurations = (
				74D51CF52B87313800D4BADF /* Debug */,
				74D51CF62B87313800D4BADF /* Release */,
			);
			defaultConfigurationIsVisible = 0;
			defaultConfigurationName = Release;
		};
		74D51CF72B87313800D4BADF /* Build configuration list for PBXNativeTarget "scrollviewTests" */ = {
			isa = XCConfigurationList;
			buildConfigurations = (
				74D51CF82B87313800D4BADF /* Debug */,
				74D51CF92B87313800D4BADF /* Release */,
			);
			defaultConfigurationIsVisible = 0;
			defaultConfigurationName = Release;
		};
		74D51CFA2B87313800D4BADF /* Build configuration list for PBXNativeTarget "scrollviewUITests" */ = {
			isa = XCConfigurationList;
			buildConfigurations = (
				74D51CFB2B87313800D4BADF /* Debug */,
				74D51CFC2B87313800D4BADF /* Release */,
			);
			defaultConfigurationIsVisible = 0;
			defaultConfigurationName = Release;
		};
/* End XCConfigurationList section */
	};
	rootObject = 74D51CC22B87313600D4BADF /* Project object */;
}
